// !$*UTF8*$!
{
	archiveVersion = 1;
	classes = {
	};
	objectVersion = 46;
	objects = {

/* Begin PBXBuildFile section */
		2E630DB71D08505200FDB2AB /* AppDelegate.swift in Sources */ = {isa = PBXBuildFile; fileRef = 2E630DB61D08505200FDB2AB /* AppDelegate.swift */; };
		2E630DB91D08505200FDB2AB /* ViewController.swift in Sources */ = {isa = PBXBuildFile; fileRef = 2E630DB81D08505200FDB2AB /* ViewController.swift */; };
		2E630DBC1D08505200FDB2AB /* Main.storyboard in Resources */ = {isa = PBXBuildFile; fileRef = 2E630DBA1D08505200FDB2AB /* Main.storyboard */; };
		2E630DBE1D08505200FDB2AB /* Assets.xcassets in Resources */ = {isa = PBXBuildFile; fileRef = 2E630DBD1D08505200FDB2AB /* Assets.xcassets */; };
		2E630DC11D08505200FDB2AB /* LaunchScreen.storyboard in Resources */ = {isa = PBXBuildFile; fileRef = 2E630DBF1D08505200FDB2AB /* LaunchScreen.storyboard */; };
		2E630DC91D0D81FF00FDB2AB /* Person.swift in Sources */ = {isa = PBXBuildFile; fileRef = 2E630DC81D0D81FF00FDB2AB /* Person.swift */; };
		2E630DCB1D0E444F00FDB2AB /* Address.swift in Sources */ = {isa = PBXBuildFile; fileRef = 2E630DCA1D0E444F00FDB2AB /* Address.swift */; };
/* End PBXBuildFile section */

/* Begin PBXFileReference section */
		2E630DB31D08505100FDB2AB /* TestKVOInSwift.app */ = {isa = PBXFileReference; explicitFileType = wrapper.application; includeInIndex = 0; path = TestKVOInSwift.app; sourceTree = BUILT_PRODUCTS_DIR; };
		2E630DB61D08505200FDB2AB /* AppDelegate.swift */ = {isa = PBXFileReference; lastKnownFileType = sourcecode.swift; path = AppDelegate.swift; sourceTree = "<group>"; };
		2E630DB81D08505200FDB2AB /* ViewController.swift */ = {isa = PBXFileReference; lastKnownFileType = sourcecode.swift; path = ViewController.swift; sourceTree = "<group>"; };
		2E630DBB1D08505200FDB2AB /* Base */ = {isa = PBXFileReference; lastKnownFileType = file.storyboard; name = Base; path = Base.lproj/Main.storyboard; sourceTree = "<group>"; };
		2E630DBD1D08505200FDB2AB /* Assets.xcassets */ = {isa = PBXFileReference; lastKnownFileType = folder.assetcatalog; path = Assets.xcassets; sourceTree = "<group>"; };
		2E630DC01D08505200FDB2AB /* Base */ = {isa = PBXFileReference; lastKnownFileType = file.storyboard; name = Base; path = Base.lproj/LaunchScreen.storyboard; sourceTree = "<group>"; };
		2E630DC21D08505200FDB2AB /* Info.plist */ = {isa = PBXFileReference; lastKnownFileType = text.plist.xml; path = Info.plist; sourceTree = "<group>"; };
		2E630DC81D0D81FF00FDB2AB /* Person.swift */ = {isa = PBXFileReference; fileEncoding = 4; lastKnownFileType = sourcecode.swift; path = Person.swift; sourceTree = "<group>"; };
		2E630DCA1D0E444F00FDB2AB /* Address.swift */ = {isa = PBXFileReference; fileEncoding = 4; lastKnownFileType = sourcecode.swift; path = Address.swift; sourceTree = "<group>"; };
/* End PBXFileReference section */

/* Begin PBXFrameworksBuildPhase section */
		2E630DB01D08505100FDB2AB /* Frameworks */ = {
			isa = PBXFrameworksBuildPhase;
			buildActionMask = 2147483647;
			files = (
			);
			runOnlyForDeploymentPostprocessing = 0;
		};
/* End PBXFrameworksBuildPhase section */

/* Begin PBXGroup section */
		2E630DAA1D08505100FDB2AB = {
			isa = PBXGroup;
			children = (
				2E630DB51D08505200FDB2AB /* TestKVOInSwift */,
				2E630DB41D08505100FDB2AB /* Products */,
			);
			sourceTree = "<group>";
		};
		2E630DB41D08505100FDB2AB /* Products */ = {
			isa = PBXGroup;
			children = (
				2E630DB31D08505100FDB2AB /* TestKVOInSwift.app */,
			);
			name = Products;
			sourceTree = "<group>";
		};
		2E630DB51D08505200FDB2AB /* TestKVOInSwift */ = {
			isa = PBXGroup;
			children = (
				2E630DB61D08505200FDB2AB /* AppDelegate.swift */,
				2E630DB81D08505200FDB2AB /* ViewController.swift */,
				2E630DC81D0D81FF00FDB2AB /* Person.swift */,
				2E630DCA1D0E444F00FDB2AB /* Address.swift */,
				2E630DBA1D08505200FDB2AB /* Main.storyboard */,
				2E630DBD1D08505200FDB2AB /* Assets.xcassets */,
				2E630DBF1D08505200FDB2AB /* LaunchScreen.storyboard */,
				2E630DC21D08505200FDB2AB /* Info.plist */,
			);
			path = TestKVOInSwift;
			sourceTree = "<group>";
		};
/* End PBXGroup section */

/* Begin PBXNativeTarget section */
		2E630DB21D08505100FDB2AB /* TestKVOInSwift */ = {
			isa = PBXNativeTarget;
			buildConfigurationList = 2E630DC51D08505200FDB2AB /* Build configuration list for PBXNativeTarget "TestKVOInSwift" */;
			buildPhases = (
				2E630DAF1D08505100FDB2AB /* Sources */,
				2E630DB01D08505100FDB2AB /* Frameworks */,
				2E630DB11D08505100FDB2AB /* Resources */,
			);
			buildRules = (
			);
			dependencies = (
			);
			name = TestKVOInSwift;
			productName = TestKVOInSwift;
			productReference = 2E630DB31D08505100FDB2AB /* TestKVOInSwift.app */;
			productType = "com.apple.product-type.application";
		};
/* End PBXNativeTarget section */

/* Begin PBXProject section */
		2E630DAB1D08505100FDB2AB /* Project object */ = {
			isa = PBXProject;
			attributes = {
				LastSwiftUpdateCheck = 0730;
				LastUpgradeCheck = 0730;
				ORGANIZATIONNAME = ying;
				TargetAttributes = {
					2E630DB21D08505100FDB2AB = {
						CreatedOnToolsVersion = 7.3.1;
					};
				};
			};
			buildConfigurationList = 2E630DAE1D08505100FDB2AB /* Build configuration list for PBXProject "TestKVOInSwift" */;
			compatibilityVersion = "Xcode 3.2";
			developmentRegion = English;
			hasScannedForEncodings = 0;
			knownRegions = (
				en,
				Base,
			);
			mainGroup = 2E630DAA1D08505100FDB2AB;
			productRefGroup = 2E630DB41D08505100FDB2AB /* Products */;
			projectDirPath = "";
			projectRoot = "";
			targets = (
				2E630DB21D08505100FDB2AB /* TestKVOInSwift */,
			);
		};
/* End PBXProject section */

/* Begin PBXResourcesBuildPhase section */
		2E630DB11D08505100FDB2AB /* Resources */ = {
			isa = PBXResourcesBuildPhase;
			buildActionMask = 2147483647;
			files = (
				2E630DC11D08505200FDB2AB /* LaunchScreen.storyboard in Resources */,
				2E630DBE1D08505200FDB2AB /* Assets.xcassets in Resources */,
				2E630DBC1D08505200FDB2AB /* Main.storyboard in Resources */,
			);
			runOnlyForDeploymentPostprocessing = 0;
		};
/* End PBXResourcesBuildPhase section */

/* Begin PBXSourcesBuildPhase section */
		2E630DAF1D08505100FDB2AB /* Sources */ = {
			isa = PBXSourcesBuildPhase;
			buildActionMask = 2147483647;
			files = (
				2E630DC91D0D81FF00FDB2AB /* Person.swift in Sources */,
				2E630DB91D08505200FDB2AB /* ViewController.swift in Sources */,
				2E630DCB1D0E444F00FDB2AB /* Address.swift in Sources */,
				2E630DB71D08505200FDB2AB /* AppDelegate.swift in Sources */,
			);
			runOnlyForDeploymentPostprocessing = 0;
		};
/* End PBXSourcesBuildPhase section */

/* Begin PBXVariantGroup section */
		2E630DBA1D08505200FDB2AB /* Main.storyboard */ = {
			isa = PBXVariantGroup;
			children = (
				2E630DBB1D08505200FDB2AB /* Base */,
			);
			name = Main.storyboard;
			sourceTree = "<group>";
		};
		2E630DBF1D08505200FDB2AB /* LaunchScreen.storyboard */ = {
			isa = PBXVariantGroup;
			children = (
				2E630DC01D08505200FDB2AB /* Base */,
			);
			name = LaunchScreen.storyboard;
			sourceTree = "<group>";
		};
/* End PBXVariantGroup section */

/* Begin XCBuildConfiguration section */
		2E630DC31D08505200FDB2AB /* Debug */ = {
			isa = XCBuildConfiguration;
			buildSettings = {
				ALWAYS_SEARCH_USER_PATHS = NO;
				CLANG_ANALYZER_NONNULL = YES;
				CLANG_CXX_LANGUAGE_STANDARD = "gnu++0x";
				CLANG_CXX_LIBRARY = "libc++";
				CLANG_ENABLE_MODULES = YES;
				CLANG_ENABLE_OBJC_ARC = YES;
				CLANG_WARN_BOOL_CONVERSION = YES;
				CLANG_WARN_CONSTANT_CONVERSION = YES;
				CLANG_WARN_DIRECT_OBJC_ISA_USAGE = YES_ERROR;
				CLANG_WARN_EMPTY_BODY = YES;
				CLANG_WARN_ENUM_CONVERSION = YES;
				CLANG_WARN_INT_CONVERSION = YES;
				CLANG_WARN_OBJC_ROOT_CLASS = YES_ERROR;
				CLANG_WARN_UNREACHABLE_CODE = YES;
				CLANG_WARN__DUPLICATE_METHOD_MATCH = YES;
				"CODE_SIGN_IDENTITY[sdk=iphoneos*]" = "iPhone Developer";
				COPY_PHASE_STRIP = NO;
				DEBUG_INFORMATION_FORMAT = dwarf;
				ENABLE_STRICT_OBJC_MSGSEND = YES;
				ENABLE_TESTABILITY = YES;
				GCC_C_LANGUAGE_STANDARD = gnu99;
				GCC_DYNAMIC_NO_PIC = NO;
				GCC_NO_COMMON_BLOCKS = YES;
				GCC_OPTIMIZATION_LEVEL = 0;
				GCC_PREPROCESSOR_DEFINITIONS = (
					"DEBUG=1",
					"$(inherited)",
				);
				GCC_WARN_64_TO_32_BIT_CONVERSION = YES;
				GCC_WARN_ABOUT_RETURN_TYPE = YES_ERROR;
				GCC_WARN_UNDECLARED_SELECTOR = YES;
				GCC_WARN_UNINITIALIZED_AUTOS = YES_AGGRESSIVE;
				GCC_WARN_UNUSED_FUNCTION = YES;
				GCC_WARN_UNUSED_VARIABLE = YES;
				IPHONEOS_DEPLOYMENT_TARGET = 9.3;
				MTL_ENABLE_DEBUG_INFO = YES;
				ONLY_ACTIVE_ARCH = YES;
				SDKROOT = iphoneos;
				SWIFT_OPTIMIZATION_LEVEL = "-Onone";
				TARGETED_DEVICE_FAMILY = "1,2";
			};
			name = Debug;
		};
		2E630DC41D08505200FDB2AB /* Release */ = {
			isa = XCBuildConfiguration;
			buildSettings = {
				ALWAYS_SEARCH_USER_PATHS = NO;
				CLANG_ANALYZER_NONNULL = YES;
				CLANG_CXX_LANGUAGE_STANDARD = "gnu++0x";
				CLANG_CXX_LIBRARY = "libc++";
				CLANG_ENABLE_MODULES = YES;
				CLANG_ENABLE_OBJC_ARC = YES;
				CLANG_WARN_BOOL_CONVERSION = YES;
				CLANG_WARN_CONSTANT_CONVERSION = YES;
				CLANG_WARN_DIRECT_OBJC_ISA_USAGE = YES_ERROR;
				CLANG_WARN_EMPTY_BODY = YES;
				CLANG_WARN_ENUM_CONVERSION = YES;
				CLANG_WARN_INT_CONVERSION = YES;
				CLANG_WARN_OBJC_ROOT_CLASS = YES_ERROR;
				CLANG_WARN_UNREACHABLE_CODE = YES;
				CLANG_WARN__DUPLICATE_METHOD_MATCH = YES;
				"CODE_SIGN_IDENTITY[sdk=iphoneos*]" = "iPhone Developer";
				COPY_PHASE_STRIP = NO;
				DEBUG_INFORMATION_FORMAT = "dwarf-with-dsym";
				ENABLE_NS_ASSERTIONS = NO;
				ENABLE_STRICT_OBJC_MSGSEND = YES;
				GCC_C_LANGUAGE_STANDARD = gnu99;
				GCC_NO_COMMON_BLOCKS = YES;
				GCC_WARN_64_TO_32_BIT_CONVERSION = YES;
				GCC_WARN_ABOUT_RETURN_TYPE = YES_ERROR;
				GCC_WARN_UNDECLARED_SELECTOR = YES;
				GCC_WARN_UNINITIALIZED_AUTOS = YES_AGGRESSIVE;
				GCC_WARN_UNUSED_FUNCTION = YES;
				GCC_WARN_UNUSED_VARIABLE = YES;
				IPHONEOS_DEPLOYMENT_TARGET = 9.3;
				MTL_ENABLE_DEBUG_INFO = NO;
				SDKROOT = iphoneos;
				TARGETED_DEVICE_FAMILY = "1,2";
				VALIDATE_PRODUCT = YES;
			};
			name = Release;
		};
		2E630DC61D08505200FDB2AB /* Debug */ = {
			isa = XCBuildConfiguration;
			buildSettings = {
				ASSETCATALOG_COMPILER_APPICON_NAME = AppIcon;
				INFOPLIST_FILE = TestKVOInSwift/Info.plist;
				LD_RUNPATH_SEARCH_PATHS = "$(inherited) @executable_path/Frameworks";
				PRODUCT_BUNDLE_IDENTIFIER = com.seu.edu.ying.TestKVOInSwift;
				PRODUCT_NAME = "$(TARGET_NAME)";
			};
			name = Debug;
		};
		2E630DC71D08505200FDB2AB /* Release */ = {
			isa = XCBuildConfiguration;
			buildSettings = {
				ASSETCATALOG_COMPILER_APPICON_NAME = AppIcon;
				INFOPLIST_FILE = TestKVOInSwift/Info.plist;
				LD_RUNPATH_SEARCH_PATHS = "$(inherited) @executable_path/Frameworks";
				PRODUCT_BUNDLE_IDENTIFIER = com.seu.edu.ying.TestKVOInSwift;
				PRODUCT_NAME = "$(TARGET_NAME)";
			};
			name = Release;
		};
/* End XCBuildConfiguration section */

/* Begin XCConfigurationList section */
		2E630DAE1D08505100FDB2AB /* Build configuration list for PBXProject "TestKVOInSwift" */ = {
			isa = XCConfigurationList;
			buildConfigurations = (
				2E630DC31D08505200FDB2AB /* Debug */,
				2E630DC41D08505200FDB2AB /* Release */,
			);
			defaultConfigurationIsVisible = 0;
			defaultConfigurationName = Release;
		};
		2E630DC51D08505200FDB2AB /* Build configuration list for PBXNativeTarget "TestKVOInSwift" */ = {
			isa = XCConfigurationList;
			buildConfigurations = (
				2E630DC61D08505200FDB2AB /* Debug */,
				2E630DC71D08505200FDB2AB /* Release */,
			);
			defaultConfigurationIsVisible = 0;
		};
/* End XCConfigurationList section */
	};
	rootObject = 2E630DAB1D08505100FDB2AB /* Project object */;
}
